
Microsoft Visual Studio Solution File, Format Version 12.00
# Visual Studio 15
VisualStudioVersion = 15.0.27130.2024
MinimumVisualStudioVersion = 10.0.40219.1
Project("{FAE04EC0-301F-11D3-BF4B-00C04F79EFBC}") = "test", "test\test.csproj", "{7E6D4FAE-AB8C-4B0F-A331-F994CA675626}"
EndProject
Project("{FAE04EC0-301F-11D3-BF4B-00C04F79EFBC}") = "tests", "tests\tests.csproj", "{8851ECF7-00CB-404B-8F20-3E0AB0A0405D}"
EndProject
Global
	GlobalSection(SolutionConfigurationPlatforms) = preSolution
		Debug|Any CPU = Debug|Any CPU
		Release|Any CPU = Release|Any CPU
	EndGlobalSection
	GlobalSection(ProjectConfigurationPlatforms) = postSolution
		{7E6D4FAE-AB8C-4B0F-A331-F994CA675626}.Debug|Any CPU.ActiveCfg = Debug|Any CPU
		{7E6D4FAE-AB8C-4B0F-A331-F994CA675626}.Debug|Any CPU.Build.0 = Debug|Any CPU
		{7E6D4FAE-AB8C-4B0F-A331-F994CA675626}.Release|Any CPU.ActiveCfg = Release|Any CPU
		{7E6D4FAE-AB8C-4B0F-A331-F994CA675626}.Release|Any CPU.Build.0 = Release|Any CPU
		{8851ECF7-00CB-404B-8F20-3E0AB0A0405D}.Debug|Any CPU.ActiveCfg = Debug|Any CPU
		{8851ECF7-00CB-404B-8F20-3E0AB0A0405D}.Debug|Any CPU.Build.0 = Debug|Any CPU
		{8851ECF7-00CB-404B-8F20-3E0AB0A0405D}.Release|Any CPU.ActiveCfg = Release|Any CPU
		{8851ECF7-00CB-404B-8F20-3E0AB0A0405D}.Release|Any CPU.Build.0 = Release|Any CPU
	EndGlobalSection
	GlobalSection(SolutionProperties) = preSolution
		HideSolutionNode = FALSE
	EndGlobalSection
	GlobalSection(ExtensibilityGlobals) = postSolution
		SolutionGuid = {B40B72D5-A8A7-4EDC-A0D8-FF0A1AD3E416}
	EndGlobalSection
EndGlobal
